
Microsoft Visual Studio Solution File, Format Version 12.00
# Visual Studio Version 17
VisualStudioVersion = 17.7.34221.43
MinimumVisualStudioVersion = 10.0.40219.1
Project("{FAE04EC0-301F-11D3-BF4B-00C04F79EFBC}") = "Print Odd Numbers in a Given Range", "Print Odd Numbers in a Given Range\Print Odd Numbers in a Given Range.csproj", "{7B5F27F7-8156-4807-801D-46865CFA7797}"
EndProject
Global
	GlobalSection(SolutionConfigurationPlatforms) = preSolution
		Debug|Any CPU = Debug|Any CPU
		Release|Any CPU = Release|Any CPU
	EndGlobalSection
	GlobalSection(ProjectConfigurationPlatforms) = postSolution
		{7B5F27F7-8156-4807-801D-46865CFA7797}.Debug|Any CPU.ActiveCfg = Debug|Any CPU
		{7B5F27F7-8156-4807-801D-46865CFA7797}.Debug|Any CPU.Build.0 = Debug|Any CPU
		{7B5F27F7-8156-4807-801D-46865CFA7797}.Release|Any CPU.ActiveCfg = Release|Any CPU
		{7B5F27F7-8156-4807-801D-46865CFA7797}.Release|Any CPU.Build.0 = Release|Any CPU
	EndGlobalSection
	GlobalSection(SolutionProperties) = preSolution
		HideSolutionNode = FALSE
	EndGlobalSection
	GlobalSection(ExtensibilityGlobals) = postSolution
		SolutionGuid = {B2B078A0-AF27-43C6-BD98-2D57EB5A86DE}
	EndGlobalSection
EndGlobal
