
Microsoft Visual Studio Solution File, Format Version 12.00
# Visual Studio Version 17
VisualStudioVersion = 17.7.34221.43
MinimumVisualStudioVersion = 10.0.40219.1
Project("{FAE04EC0-301F-11D3-BF4B-00C04F79EFBC}") = "Check Whether a Number is Positive or Not", "Check Whether a Number is Positive or Not\Check Whether a Number is Positive or Not.csproj", "{11826322-6572-4CD8-9FD7-E8B187B3DCDA}"
EndProject
Global
	GlobalSection(SolutionConfigurationPlatforms) = preSolution
		Debug|Any CPU = Debug|Any CPU
		Release|Any CPU = Release|Any CPU
	EndGlobalSection
	GlobalSection(ProjectConfigurationPlatforms) = postSolution
		{11826322-6572-4CD8-9FD7-E8B187B3DCDA}.Debug|Any CPU.ActiveCfg = Debug|Any CPU
		{11826322-6572-4CD8-9FD7-E8B187B3DCDA}.Debug|Any CPU.Build.0 = Debug|Any CPU
		{11826322-6572-4CD8-9FD7-E8B187B3DCDA}.Release|Any CPU.ActiveCfg = Release|Any CPU
		{11826322-6572-4CD8-9FD7-E8B187B3DCDA}.Release|Any CPU.Build.0 = Release|Any CPU
	EndGlobalSection
	GlobalSection(SolutionProperties) = preSolution
		HideSolutionNode = FALSE
	EndGlobalSection
	GlobalSection(ExtensibilityGlobals) = postSolution
		SolutionGuid = {2B45EDD6-35C7-40E8-BC7C-EDBE93B5215B}
	EndGlobalSection
EndGlobal
